
Microsoft Visual Studio Solution File, Format Version 12.00
# Visual Studio 15
VisualStudioVersion = 15.0.28307.572
MinimumVisualStudioVersion = 10.0.40219.1
Project("{FAE04EC0-301F-11D3-BF4B-00C04F79EFBC}") = "vidly", "vidly\vidly.csproj", "{DCA043F6-868C-4F04-9AE2-B851F0A575EA}"
EndProject
Project("{FAE04EC0-301F-11D3-BF4B-00C04F79EFBC}") = "VidlyAPI", "VidlyAPI\VidlyAPI.csproj", "{EC592A8D-B9B4-4B62-82E0-C31EE208EF3F}"
EndProject
Global
	GlobalSection(SolutionConfigurationPlatforms) = preSolution
		Debug|Any CPU = Debug|Any CPU
		Release|Any CPU = Release|Any CPU
	EndGlobalSection
	GlobalSection(ProjectConfigurationPlatforms) = postSolution
		{DCA043F6-868C-4F04-9AE2-B851F0A575EA}.Debug|Any CPU.ActiveCfg = Debug|Any CPU
		{DCA043F6-868C-4F04-9AE2-B851F0A575EA}.Debug|Any CPU.Build.0 = Debug|Any CPU
		{DCA043F6-868C-4F04-9AE2-B851F0A575EA}.Release|Any CPU.ActiveCfg = Release|Any CPU
		{DCA043F6-868C-4F04-9AE2-B851F0A575EA}.Release|Any CPU.Build.0 = Release|Any CPU
		{EC592A8D-B9B4-4B62-82E0-C31EE208EF3F}.Debug|Any CPU.ActiveCfg = Debug|Any CPU
		{EC592A8D-B9B4-4B62-82E0-C31EE208EF3F}.Debug|Any CPU.Build.0 = Debug|Any CPU
		{EC592A8D-B9B4-4B62-82E0-C31EE208EF3F}.Release|Any CPU.ActiveCfg = Release|Any CPU
		{EC592A8D-B9B4-4B62-82E0-C31EE208EF3F}.Release|Any CPU.Build.0 = Release|Any CPU
	EndGlobalSection
	GlobalSection(SolutionProperties) = preSolution
		HideSolutionNode = FALSE
	EndGlobalSection
	GlobalSection(ExtensibilityGlobals) = postSolution
		SolutionGuid = {72502941-5984-460D-BAEE-39542E0A2F87}
	EndGlobalSection
EndGlobal
